// !$*UTF8*$!
{
	archiveVersion = 1;
	classes = {
	};
	objectVersion = 50;
	objects = {

/* Begin PBXBuildFile section */
		C30C056A24B122A0005EFAB7 /* AppDelegate.swift in Sources */ = {isa = PBXBuildFile; fileRef = C30C056924B122A0005EFAB7 /* AppDelegate.swift */; };
		C30C056C24B122A0005EFAB7 /* SceneDelegate.swift in Sources */ = {isa = PBXBuildFile; fileRef = C30C056B24B122A0005EFAB7 /* SceneDelegate.swift */; };
		C30C056E24B122A0005EFAB7 /* ViewController.swift in Sources */ = {isa = PBXBuildFile; fileRef = C30C056D24B122A0005EFAB7 /* ViewController.swift */; };
		C30C057124B122A0005EFAB7 /* Main.storyboard in Resources */ = {isa = PBXBuildFile; fileRef = C30C056F24B122A0005EFAB7 /* Main.storyboard */; };
		C30C057324B122A1005EFAB7 /* Assets.xcassets in Resources */ = {isa = PBXBuildFile; fileRef = C30C057224B122A1005EFAB7 /* Assets.xcassets */; };
		C30C057624B122A1005EFAB7 /* LaunchScreen.storyboard in Resources */ = {isa = PBXBuildFile; fileRef = C30C057424B122A1005EFAB7 /* LaunchScreen.storyboard */; };
		C30C057E24B122B2005EFAB7 /* cricketShot_rgb.gif in Resources */ = {isa = PBXBuildFile; fileRef = C30C057D24B122B2005EFAB7 /* cricketShot_rgb.gif */; };
		C39279B524C6BCA600E6C117 /* clapping_224_25fps.m4v in Resources */ = {isa = PBXBuildFile; fileRef = C39279B424C6BCA600E6C117 /* clapping_224_25fps.m4v */; };
		C39279BB24C6C27900E6C117 /* stretching_arm_225.mp4 in Resources */ = {isa = PBXBuildFile; fileRef = C39279BA24C6C27900E6C117 /* stretching_arm_225.mp4 */; };
		C39DBD0B24C4015500D9EA37 /* NonMaxSuppression.swift in Sources */ = {isa = PBXBuildFile; fileRef = C39DBCF924C4015400D9EA37 /* NonMaxSuppression.swift */; };
		C39DBD0C24C4015500D9EA37 /* Array+Extensions.swift in Sources */ = {isa = PBXBuildFile; fileRef = C39DBCFA24C4015400D9EA37 /* Array+Extensions.swift */; };
		C39DBD0D24C4015500D9EA37 /* MLMultiArray+Helpers.swift in Sources */ = {isa = PBXBuildFile; fileRef = C39DBCFB24C4015400D9EA37 /* MLMultiArray+Helpers.swift */; };
		C39DBD0E24C4015500D9EA37 /* CGImagePropertyOrientation.swift in Sources */ = {isa = PBXBuildFile; fileRef = C39DBCFC24C4015400D9EA37 /* CGImagePropertyOrientation.swift */; };
		C39DBD0F24C4015500D9EA37 /* CGImage+RawBytes.swift in Sources */ = {isa = PBXBuildFile; fileRef = C39DBCFD24C4015400D9EA37 /* CGImage+RawBytes.swift */; };
		C39DBD1024C4015500D9EA37 /* Math.swift in Sources */ = {isa = PBXBuildFile; fileRef = C39DBCFE24C4015400D9EA37 /* Math.swift */; };
		C39DBD1124C4015500D9EA37 /* CVPixelBuffer+Helpers.swift in Sources */ = {isa = PBXBuildFile; fileRef = C39DBCFF24C4015400D9EA37 /* CVPixelBuffer+Helpers.swift */; };
		C39DBD1224C4015500D9EA37 /* MLModel+Images.swift in Sources */ = {isa = PBXBuildFile; fileRef = C39DBD0024C4015400D9EA37 /* MLModel+Images.swift */; };
		C39DBD1324C4015500D9EA37 /* UIImage+CVPixelBuffer.swift in Sources */ = {isa = PBXBuildFile; fileRef = C39DBD0224C4015400D9EA37 /* UIImage+CVPixelBuffer.swift */; };
		C39DBD1424C4015500D9EA37 /* UIImage+Extensions.swift in Sources */ = {isa = PBXBuildFile; fileRef = C39DBD0324C4015400D9EA37 /* UIImage+Extensions.swift */; };
		C39DBD1624C4015500D9EA37 /* CoreML+Combine.swift in Sources */ = {isa = PBXBuildFile; fileRef = C39DBD0524C4015400D9EA37 /* CoreML+Combine.swift */; };
		C39DBD1724C4015500D9EA37 /* CGImage+CVPixelBuffer.swift in Sources */ = {isa = PBXBuildFile; fileRef = C39DBD0624C4015400D9EA37 /* CGImage+CVPixelBuffer.swift */; };
		C39DBD1824C4015500D9EA37 /* Predictions.swift in Sources */ = {isa = PBXBuildFile; fileRef = C39DBD0724C4015400D9EA37 /* Predictions.swift */; };
		C39DBD1924C4015500D9EA37 /* UIImage+RawBytes.swift in Sources */ = {isa = PBXBuildFile; fileRef = C39DBD0824C4015400D9EA37 /* UIImage+RawBytes.swift */; };
		C39DBD1A24C4015500D9EA37 /* MLMultiArray+Image.swift in Sources */ = {isa = PBXBuildFile; fileRef = C39DBD0924C4015400D9EA37 /* MLMultiArray+Image.swift */; };
		C39DBD1D24C409D600D9EA37 /* MultiArray.swift in Sources */ = {isa = PBXBuildFile; fileRef = C39DBD1C24C409D600D9EA37 /* MultiArray.swift */; };
		C3E9DF3024C5736C00E83419 /* making tea.mp4 in Resources */ = {isa = PBXBuildFile; fileRef = C3E9DF2A24C5736A00E83419 /* making tea.mp4 */; };
		C3E9DF3124C5736C00E83419 /* clapping.mp4 in Resources */ = {isa = PBXBuildFile; fileRef = C3E9DF2B24C5736B00E83419 /* clapping.mp4 */; };
		C3E9DF3224C5736C00E83419 /* stretching_arm.mp4 in Resources */ = {isa = PBXBuildFile; fileRef = C3E9DF2C24C5736B00E83419 /* stretching_arm.mp4 */; };
		C3E9DF3324C5736C00E83419 /* rock scissors paper.mp4 in Resources */ = {isa = PBXBuildFile; fileRef = C3E9DF2D24C5736B00E83419 /* rock scissors paper.mp4 */; };
		C3E9DF3424C5736C00E83419 /* writing.mp4 in Resources */ = {isa = PBXBuildFile; fileRef = C3E9DF2E24C5736B00E83419 /* writing.mp4 */; };
		C3E9DF3524C5736C00E83419 /* reading book.mp4 in Resources */ = {isa = PBXBuildFile; fileRef = C3E9DF2F24C5736C00E83419 /* reading book.mp4 */; };
		C3E9DF3724C574D300E83419 /* clapping_224.mp4 in Resources */ = {isa = PBXBuildFile; fileRef = C3E9DF3624C574D300E83419 /* clapping_224.mp4 */; };
		C3E9DF3924C577F100E83419 /* Kinetics1.mlmodel in Sources */ = {isa = PBXBuildFile; fileRef = C3E9DF3824C577F100E83419 /* Kinetics1.mlmodel */; };
		C3F028DD24C16BE500479F46 /* cricketShot.mp4 in Resources */ = {isa = PBXBuildFile; fileRef = C3F028DC24C16BE500479F46 /* cricketShot.mp4 */; };
		C3F4E47524C7A32E00D1C476 /* stretching_arm_trimmed.mp4 in Resources */ = {isa = PBXBuildFile; fileRef = C3F4E47424C7A32E00D1C476 /* stretching_arm_trimmed.mp4 */; };
/* End PBXBuildFile section */

/* Begin PBXFileReference section */
		C30C056624B122A0005EFAB7 /* KineticsI3D.app */ = {isa = PBXFileReference; explicitFileType = wrapper.application; includeInIndex = 0; path = KineticsI3D.app; sourceTree = BUILT_PRODUCTS_DIR; };
		C30C056924B122A0005EFAB7 /* AppDelegate.swift */ = {isa = PBXFileReference; lastKnownFileType = sourcecode.swift; path = AppDelegate.swift; sourceTree = "<group>"; };
		C30C056B24B122A0005EFAB7 /* SceneDelegate.swift */ = {isa = PBXFileReference; lastKnownFileType = sourcecode.swift; path = SceneDelegate.swift; sourceTree = "<group>"; };
		C30C056D24B122A0005EFAB7 /* ViewController.swift */ = {isa = PBXFileReference; lastKnownFileType = sourcecode.swift; path = ViewController.swift; sourceTree = "<group>"; };
		C30C057024B122A0005EFAB7 /* Base */ = {isa = PBXFileReference; lastKnownFileType = file.storyboard; name = Base; path = Base.lproj/Main.storyboard; sourceTree = "<group>"; };
		C30C057224B122A1005EFAB7 /* Assets.xcassets */ = {isa = PBXFileReference; lastKnownFileType = folder.assetcatalog; path = Assets.xcassets; sourceTree = "<group>"; };
		C30C057524B122A1005EFAB7 /* Base */ = {isa = PBXFileReference; lastKnownFileType = file.storyboard; name = Base; path = Base.lproj/LaunchScreen.storyboard; sourceTree = "<group>"; };
		C30C057724B122A1005EFAB7 /* Info.plist */ = {isa = PBXFileReference; lastKnownFileType = text.plist.xml; path = Info.plist; sourceTree = "<group>"; };
		C30C057D24B122B2005EFAB7 /* cricketShot_rgb.gif */ = {isa = PBXFileReference; lastKnownFileType = image.gif; path = cricketShot_rgb.gif; sourceTree = "<group>"; };
		C39279B424C6BCA600E6C117 /* clapping_224_25fps.m4v */ = {isa = PBXFileReference; lastKnownFileType = file; path = clapping_224_25fps.m4v; sourceTree = "<group>"; };
		C39279BA24C6C27900E6C117 /* stretching_arm_225.mp4 */ = {isa = PBXFileReference; lastKnownFileType = file; path = stretching_arm_225.mp4; sourceTree = "<group>"; };
		C39DBCF924C4015400D9EA37 /* NonMaxSuppression.swift */ = {isa = PBXFileReference; fileEncoding = 4; lastKnownFileType = sourcecode.swift; path = NonMaxSuppression.swift; sourceTree = "<group>"; };
		C39DBCFA24C4015400D9EA37 /* Array+Extensions.swift */ = {isa = PBXFileReference; fileEncoding = 4; lastKnownFileType = sourcecode.swift; path = "Array+Extensions.swift"; sourceTree = "<group>"; };
		C39DBCFB24C4015400D9EA37 /* MLMultiArray+Helpers.swift */ = {isa = PBXFileReference; fileEncoding = 4; lastKnownFileType = sourcecode.swift; path = "MLMultiArray+Helpers.swift"; sourceTree = "<group>"; };
		C39DBCFC24C4015400D9EA37 /* CGImagePropertyOrientation.swift */ = {isa = PBXFileReference; fileEncoding = 4; lastKnownFileType = sourcecode.swift; path = CGImagePropertyOrientation.swift; sourceTree = "<group>"; };
		C39DBCFD24C4015400D9EA37 /* CGImage+RawBytes.swift */ = {isa = PBXFileReference; fileEncoding = 4; lastKnownFileType = sourcecode.swift; path = "CGImage+RawBytes.swift"; sourceTree = "<group>"; };
		C39DBCFE24C4015400D9EA37 /* Math.swift */ = {isa = PBXFileReference; fileEncoding = 4; lastKnownFileType = sourcecode.swift; path = Math.swift; sourceTree = "<group>"; };
		C39DBCFF24C4015400D9EA37 /* CVPixelBuffer+Helpers.swift */ = {isa = PBXFileReference; fileEncoding = 4; lastKnownFileType = sourcecode.swift; path = "CVPixelBuffer+Helpers.swift"; sourceTree = "<group>"; };
		C39DBD0024C4015400D9EA37 /* MLModel+Images.swift */ = {isa = PBXFileReference; fileEncoding = 4; lastKnownFileType = sourcecode.swift; path = "MLModel+Images.swift"; sourceTree = "<group>"; };
		C39DBD0124C4015400D9EA37 /* CoreMLHelpers.h */ = {isa = PBXFileReference; fileEncoding = 4; lastKnownFileType = sourcecode.c.h; path = CoreMLHelpers.h; sourceTree = "<group>"; };
		C39DBD0224C4015400D9EA37 /* UIImage+CVPixelBuffer.swift */ = {isa = PBXFileReference; fileEncoding = 4; lastKnownFileType = sourcecode.swift; path = "UIImage+CVPixelBuffer.swift"; sourceTree = "<group>"; };
		C39DBD0324C4015400D9EA37 /* UIImage+Extensions.swift */ = {isa = PBXFileReference; fileEncoding = 4; lastKnownFileType = sourcecode.swift; path = "UIImage+Extensions.swift"; sourceTree = "<group>"; };
		C39DBD0524C4015400D9EA37 /* CoreML+Combine.swift */ = {isa = PBXFileReference; fileEncoding = 4; lastKnownFileType = sourcecode.swift; path = "CoreML+Combine.swift"; sourceTree = "<group>"; };
		C39DBD0624C4015400D9EA37 /* CGImage+CVPixelBuffer.swift */ = {isa = PBXFileReference; fileEncoding = 4; lastKnownFileType = sourcecode.swift; path = "CGImage+CVPixelBuffer.swift"; sourceTree = "<group>"; };
		C39DBD0724C4015400D9EA37 /* Predictions.swift */ = {isa = PBXFileReference; fileEncoding = 4; lastKnownFileType = sourcecode.swift; path = Predictions.swift; sourceTree = "<group>"; };
		C39DBD0824C4015400D9EA37 /* UIImage+RawBytes.swift */ = {isa = PBXFileReference; fileEncoding = 4; lastKnownFileType = sourcecode.swift; path = "UIImage+RawBytes.swift"; sourceTree = "<group>"; };
		C39DBD0924C4015400D9EA37 /* MLMultiArray+Image.swift */ = {isa = PBXFileReference; fileEncoding = 4; lastKnownFileType = sourcecode.swift; path = "MLMultiArray+Image.swift"; sourceTree = "<group>"; };
		C39DBD1C24C409D600D9EA37 /* MultiArray.swift */ = {isa = PBXFileReference; lastKnownFileType = sourcecode.swift; path = MultiArray.swift; sourceTree = "<group>"; };
		C3E9DF2A24C5736A00E83419 /* making tea.mp4 */ = {isa = PBXFileReference; lastKnownFileType = file; path = "making tea.mp4"; sourceTree = "<group>"; };
		C3E9DF2B24C5736B00E83419 /* clapping.mp4 */ = {isa = PBXFileReference; lastKnownFileType = file; path = clapping.mp4; sourceTree = "<group>"; };
		C3E9DF2C24C5736B00E83419 /* stretching_arm.mp4 */ = {isa = PBXFileReference; lastKnownFileType = file; path = stretching_arm.mp4; sourceTree = "<group>"; };
		C3E9DF2D24C5736B00E83419 /* rock scissors paper.mp4 */ = {isa = PBXFileReference; lastKnownFileType = file; path = "rock scissors paper.mp4"; sourceTree = "<group>"; };
		C3E9DF2E24C5736B00E83419 /* writing.mp4 */ = {isa = PBXFileReference; lastKnownFileType = file; path = writing.mp4; sourceTree = "<group>"; };
		C3E9DF2F24C5736C00E83419 /* reading book.mp4 */ = {isa = PBXFileReference; lastKnownFileType = file; path = "reading book.mp4"; sourceTree = "<group>"; };
		C3E9DF3624C574D300E83419 /* clapping_224.mp4 */ = {isa = PBXFileReference; lastKnownFileType = file; path = clapping_224.mp4; sourceTree = "<group>"; };
		C3E9DF3824C577F100E83419 /* Kinetics1.mlmodel */ = {isa = PBXFileReference; lastKnownFileType = file.mlmodel; path = Kinetics1.mlmodel; sourceTree = "<group>"; };
		C3F028DC24C16BE500479F46 /* cricketShot.mp4 */ = {isa = PBXFileReference; lastKnownFileType = file; path = cricketShot.mp4; sourceTree = "<group>"; };
		C3F4E47424C7A32E00D1C476 /* stretching_arm_trimmed.mp4 */ = {isa = PBXFileReference; lastKnownFileType = file; path = stretching_arm_trimmed.mp4; sourceTree = "<group>"; };
/* End PBXFileReference section */

/* Begin PBXFrameworksBuildPhase section */
		C30C056324B122A0005EFAB7 /* Frameworks */ = {
			isa = PBXFrameworksBuildPhase;
			buildActionMask = 2147483647;
			files = (
			);
			runOnlyForDeploymentPostprocessing = 0;
		};
/* End PBXFrameworksBuildPhase section */

/* Begin PBXGroup section */
		C30C055D24B122A0005EFAB7 = {
			isa = PBXGroup;
			children = (
				C3E9DF3824C577F100E83419 /* Kinetics1.mlmodel */,
				C30C056824B122A0005EFAB7 /* KineticsI3D */,
				C30C056724B122A0005EFAB7 /* Products */,
			);
			sourceTree = "<group>";
		};
		C30C056724B122A0005EFAB7 /* Products */ = {
			isa = PBXGroup;
			children = (
				C30C056624B122A0005EFAB7 /* KineticsI3D.app */,
			);
			name = Products;
			sourceTree = "<group>";
		};
		C30C056824B122A0005EFAB7 /* KineticsI3D */ = {
			isa = PBXGroup;
			children = (
				C30C056924B122A0005EFAB7 /* AppDelegate.swift */,
				C30C056B24B122A0005EFAB7 /* SceneDelegate.swift */,
				C30C056D24B122A0005EFAB7 /* ViewController.swift */,
				C3E9DF2924C5734800E83419 /* Test Videos */,
				C39DBCF824C4014900D9EA37 /* CoreMLHelpers */,
				C30C056F24B122A0005EFAB7 /* Main.storyboard */,
				C30C057224B122A1005EFAB7 /* Assets.xcassets */,
				C30C057424B122A1005EFAB7 /* LaunchScreen.storyboard */,
				C30C057724B122A1005EFAB7 /* Info.plist */,
			);
			path = KineticsI3D;
			sourceTree = "<group>";
		};
		C39DBCF824C4014900D9EA37 /* CoreMLHelpers */ = {
			isa = PBXGroup;
			children = (
				C39DBCFA24C4015400D9EA37 /* Array+Extensions.swift */,
				C39DBD0624C4015400D9EA37 /* CGImage+CVPixelBuffer.swift */,
				C39DBCFD24C4015400D9EA37 /* CGImage+RawBytes.swift */,
				C39DBCFC24C4015400D9EA37 /* CGImagePropertyOrientation.swift */,
				C39DBD0524C4015400D9EA37 /* CoreML+Combine.swift */,
				C39DBD0124C4015400D9EA37 /* CoreMLHelpers.h */,
				C39DBCFF24C4015400D9EA37 /* CVPixelBuffer+Helpers.swift */,
				C39DBD1C24C409D600D9EA37 /* MultiArray.swift */,
				C39DBCFE24C4015400D9EA37 /* Math.swift */,
				C39DBD0024C4015400D9EA37 /* MLModel+Images.swift */,
				C39DBCFB24C4015400D9EA37 /* MLMultiArray+Helpers.swift */,
				C39DBD0924C4015400D9EA37 /* MLMultiArray+Image.swift */,
				C39DBCF924C4015400D9EA37 /* NonMaxSuppression.swift */,
				C39DBD0724C4015400D9EA37 /* Predictions.swift */,
				C39DBD0224C4015400D9EA37 /* UIImage+CVPixelBuffer.swift */,
				C39DBD0324C4015400D9EA37 /* UIImage+Extensions.swift */,
				C39DBD0824C4015400D9EA37 /* UIImage+RawBytes.swift */,
			);
			path = CoreMLHelpers;
			sourceTree = "<group>";
		};
		C3E9DF2924C5734800E83419 /* Test Videos */ = {
			isa = PBXGroup;
			children = (
				C3F028DC24C16BE500479F46 /* cricketShot.mp4 */,
				C30C057D24B122B2005EFAB7 /* cricketShot_rgb.gif */,
				C3E9DF2B24C5736B00E83419 /* clapping.mp4 */,
				C3E9DF3624C574D300E83419 /* clapping_224.mp4 */,
				C39279B424C6BCA600E6C117 /* clapping_224_25fps.m4v */,
				C3E9DF2A24C5736A00E83419 /* making tea.mp4 */,
				C3E9DF2F24C5736C00E83419 /* reading book.mp4 */,
				C3E9DF2D24C5736B00E83419 /* rock scissors paper.mp4 */,
				C3E9DF2C24C5736B00E83419 /* stretching_arm.mp4 */,
				C3F4E47424C7A32E00D1C476 /* stretching_arm_trimmed.mp4 */,
				C39279BA24C6C27900E6C117 /* stretching_arm_225.mp4 */,
				C3E9DF2E24C5736B00E83419 /* writing.mp4 */,
			);
			path = "Test Videos";
			sourceTree = "<group>";
		};
/* End PBXGroup section */

/* Begin PBXNativeTarget section */
		C30C056524B122A0005EFAB7 /* KineticsI3D */ = {
			isa = PBXNativeTarget;
			buildConfigurationList = C30C057A24B122A1005EFAB7 /* Build configuration list for PBXNativeTarget "KineticsI3D" */;
			buildPhases = (
				C30C056224B122A0005EFAB7 /* Sources */,
				C30C056324B122A0005EFAB7 /* Frameworks */,
				C30C056424B122A0005EFAB7 /* Resources */,
			);
			buildRules = (
			);
			dependencies = (
			);
			name = KineticsI3D;
			productName = KineticsI3D;
			productReference = C30C056624B122A0005EFAB7 /* KineticsI3D.app */;
			productType = "com.apple.product-type.application";
		};
/* End PBXNativeTarget section */

/* Begin PBXProject section */
		C30C055E24B122A0005EFAB7 /* Project object */ = {
			isa = PBXProject;
			attributes = {
				LastSwiftUpdateCheck = 1200;
				LastUpgradeCheck = 1200;
				TargetAttributes = {
					C30C056524B122A0005EFAB7 = {
						CreatedOnToolsVersion = 12.0;
					};
				};
			};
			buildConfigurationList = C30C056124B122A0005EFAB7 /* Build configuration list for PBXProject "KineticsI3D" */;
			compatibilityVersion = "Xcode 9.3";
			developmentRegion = en;
			hasScannedForEncodings = 0;
			knownRegions = (
				en,
				Base,
			);
			mainGroup = C30C055D24B122A0005EFAB7;
			productRefGroup = C30C056724B122A0005EFAB7 /* Products */;
			projectDirPath = "";
			projectRoot = "";
			targets = (
				C30C056524B122A0005EFAB7 /* KineticsI3D */,
			);
		};
/* End PBXProject section */

/* Begin PBXResourcesBuildPhase section */
		C30C056424B122A0005EFAB7 /* Resources */ = {
			isa = PBXResourcesBuildPhase;
			buildActionMask = 2147483647;
			files = (
				C3E9DF3124C5736C00E83419 /* clapping.mp4 in Resources */,
				C39279BB24C6C27900E6C117 /* stretching_arm_225.mp4 in Resources */,
				C30C057E24B122B2005EFAB7 /* cricketShot_rgb.gif in Resources */,
				C3E9DF3324C5736C00E83419 /* rock scissors paper.mp4 in Resources */,
				C3F028DD24C16BE500479F46 /* cricketShot.mp4 in Resources */,
				C3E9DF3224C5736C00E83419 /* stretching_arm.mp4 in Resources */,
				C30C057624B122A1005EFAB7 /* LaunchScreen.storyboard in Resources */,
				C3E9DF3524C5736C00E83419 /* reading book.mp4 in Resources */,
				C30C057324B122A1005EFAB7 /* Assets.xcassets in Resources */,
				C39279B524C6BCA600E6C117 /* clapping_224_25fps.m4v in Resources */,
				C3E9DF3724C574D300E83419 /* clapping_224.mp4 in Resources */,
				C3F4E47524C7A32E00D1C476 /* stretching_arm_trimmed.mp4 in Resources */,
				C3E9DF3024C5736C00E83419 /* making tea.mp4 in Resources */,
				C3E9DF3424C5736C00E83419 /* writing.mp4 in Resources */,
				C30C057124B122A0005EFAB7 /* Main.storyboard in Resources */,
			);
			runOnlyForDeploymentPostprocessing = 0;
		};
/* End PBXResourcesBuildPhase section */

/* Begin PBXSourcesBuildPhase section */
		C30C056224B122A0005EFAB7 /* Sources */ = {
			isa = PBXSourcesBuildPhase;
			buildActionMask = 2147483647;
			files = (
				C39DBD0D24C4015500D9EA37 /* MLMultiArray+Helpers.swift in Sources */,
				C39DBD1324C4015500D9EA37 /* UIImage+CVPixelBuffer.swift in Sources */,
				C39DBD1A24C4015500D9EA37 /* MLMultiArray+Image.swift in Sources */,
				C39DBD1824C4015500D9EA37 /* Predictions.swift in Sources */,
				C39DBD1724C4015500D9EA37 /* CGImage+CVPixelBuffer.swift in Sources */,
				C39DBD1424C4015500D9EA37 /* UIImage+Extensions.swift in Sources */,
				C39DBD1924C4015500D9EA37 /* UIImage+RawBytes.swift in Sources */,
				C39DBD0E24C4015500D9EA37 /* CGImagePropertyOrientation.swift in Sources */,
				C3E9DF3924C577F100E83419 /* Kinetics1.mlmodel in Sources */,
				C39DBD0C24C4015500D9EA37 /* Array+Extensions.swift in Sources */,
				C30C056E24B122A0005EFAB7 /* ViewController.swift in Sources */,
				C39DBD1624C4015500D9EA37 /* CoreML+Combine.swift in Sources */,
				C39DBD0F24C4015500D9EA37 /* CGImage+RawBytes.swift in Sources */,
				C30C056A24B122A0005EFAB7 /* AppDelegate.swift in Sources */,
				C39DBD1124C4015500D9EA37 /* CVPixelBuffer+Helpers.swift in Sources */,
				C39DBD0B24C4015500D9EA37 /* NonMaxSuppression.swift in Sources */,
				C30C056C24B122A0005EFAB7 /* SceneDelegate.swift in Sources */,
				C39DBD1D24C409D600D9EA37 /* MultiArray.swift in Sources */,
				C39DBD1224C4015500D9EA37 /* MLModel+Images.swift in Sources */,
				C39DBD1024C4015500D9EA37 /* Math.swift in Sources */,
			);
			runOnlyForDeploymentPostprocessing = 0;
		};
/* End PBXSourcesBuildPhase section */

/* Begin PBXVariantGroup section */
		C30C056F24B122A0005EFAB7 /* Main.storyboard */ = {
			isa = PBXVariantGroup;
			children = (
				C30C057024B122A0005EFAB7 /* Base */,
			);
			name = Main.storyboard;
			sourceTree = "<group>";
		};
		C30C057424B122A1005EFAB7 /* LaunchScreen.storyboard */ = {
			isa = PBXVariantGroup;
			children = (
				C30C057524B122A1005EFAB7 /* Base */,
			);
			name = LaunchScreen.storyboard;
			sourceTree = "<group>";
		};
/* End PBXVariantGroup section */

/* Begin XCBuildConfiguration section */
		C30C057824B122A1005EFAB7 /* Debug */ = {
			isa = XCBuildConfiguration;
			buildSettings = {
				ALWAYS_SEARCH_USER_PATHS = NO;
				CLANG_ANALYZER_NONNULL = YES;
				CLANG_ANALYZER_NUMBER_OBJECT_CONVERSION = YES_AGGRESSIVE;
				CLANG_CXX_LANGUAGE_STANDARD = "gnu++14";
				CLANG_CXX_LIBRARY = "libc++";
				CLANG_ENABLE_MODULES = YES;
				CLANG_ENABLE_OBJC_ARC = YES;
				CLANG_ENABLE_OBJC_WEAK = YES;
				CLANG_WARN_BLOCK_CAPTURE_AUTORELEASING = YES;
				CLANG_WARN_BOOL_CONVERSION = YES;
				CLANG_WARN_COMMA = YES;
				CLANG_WARN_CONSTANT_CONVERSION = YES;
				CLANG_WARN_DEPRECATED_OBJC_IMPLEMENTATIONS = YES;
				CLANG_WARN_DIRECT_OBJC_ISA_USAGE = YES_ERROR;
				CLANG_WARN_DOCUMENTATION_COMMENTS = YES;
				CLANG_WARN_EMPTY_BODY = YES;
				CLANG_WARN_ENUM_CONVERSION = YES;
				CLANG_WARN_INFINITE_RECURSION = YES;
				CLANG_WARN_INT_CONVERSION = YES;
				CLANG_WARN_NON_LITERAL_NULL_CONVERSION = YES;
				CLANG_WARN_OBJC_IMPLICIT_RETAIN_SELF = YES;
				CLANG_WARN_OBJC_LITERAL_CONVERSION = YES;
				CLANG_WARN_OBJC_ROOT_CLASS = YES_ERROR;
				CLANG_WARN_QUOTED_INCLUDE_IN_FRAMEWORK_HEADER = YES;
				CLANG_WARN_RANGE_LOOP_ANALYSIS = YES;
				CLANG_WARN_STRICT_PROTOTYPES = YES;
				CLANG_WARN_SUSPICIOUS_MOVE = YES;
				CLANG_WARN_UNGUARDED_AVAILABILITY = YES_AGGRESSIVE;
				CLANG_WARN_UNREACHABLE_CODE = YES;
				CLANG_WARN__DUPLICATE_METHOD_MATCH = YES;
				COPY_PHASE_STRIP = NO;
				DEBUG_INFORMATION_FORMAT = dwarf;
				ENABLE_STRICT_OBJC_MSGSEND = YES;
				ENABLE_TESTABILITY = YES;
				GCC_C_LANGUAGE_STANDARD = gnu11;
				GCC_DYNAMIC_NO_PIC = NO;
				GCC_NO_COMMON_BLOCKS = YES;
				GCC_OPTIMIZATION_LEVEL = 0;
				GCC_PREPROCESSOR_DEFINITIONS = (
					"DEBUG=1",
					"$(inherited)",
				);
				GCC_WARN_64_TO_32_BIT_CONVERSION = YES;
				GCC_WARN_ABOUT_RETURN_TYPE = YES_ERROR;
				GCC_WARN_UNDECLARED_SELECTOR = YES;
				GCC_WARN_UNINITIALIZED_AUTOS = YES_AGGRESSIVE;
				GCC_WARN_UNUSED_FUNCTION = YES;
				GCC_WARN_UNUSED_VARIABLE = YES;
				IPHONEOS_DEPLOYMENT_TARGET = 14.0;
				MTL_ENABLE_DEBUG_INFO = INCLUDE_SOURCE;
				MTL_FAST_MATH = YES;
				ONLY_ACTIVE_ARCH = YES;
				SDKROOT = iphoneos;
				SWIFT_ACTIVE_COMPILATION_CONDITIONS = DEBUG;
				SWIFT_OPTIMIZATION_LEVEL = "-Onone";
			};
			name = Debug;
		};
		C30C057924B122A1005EFAB7 /* Release */ = {
			isa = XCBuildConfiguration;
			buildSettings = {
				ALWAYS_SEARCH_USER_PATHS = NO;
				CLANG_ANALYZER_NONNULL = YES;
				CLANG_ANALYZER_NUMBER_OBJECT_CONVERSION = YES_AGGRESSIVE;
				CLANG_CXX_LANGUAGE_STANDARD = "gnu++14";
				CLANG_CXX_LIBRARY = "libc++";
				CLANG_ENABLE_MODULES = YES;
				CLANG_ENABLE_OBJC_ARC = YES;
				CLANG_ENABLE_OBJC_WEAK = YES;
				CLANG_WARN_BLOCK_CAPTURE_AUTORELEASING = YES;
				CLANG_WARN_BOOL_CONVERSION = YES;
				CLANG_WARN_COMMA = YES;
				CLANG_WARN_CONSTANT_CONVERSION = YES;
				CLANG_WARN_DEPRECATED_OBJC_IMPLEMENTATIONS = YES;
				CLANG_WARN_DIRECT_OBJC_ISA_USAGE = YES_ERROR;
				CLANG_WARN_DOCUMENTATION_COMMENTS = YES;
				CLANG_WARN_EMPTY_BODY = YES;
				CLANG_WARN_ENUM_CONVERSION = YES;
				CLANG_WARN_INFINITE_RECURSION = YES;
				CLANG_WARN_INT_CONVERSION = YES;
				CLANG_WARN_NON_LITERAL_NULL_CONVERSION = YES;
				CLANG_WARN_OBJC_IMPLICIT_RETAIN_SELF = YES;
				CLANG_WARN_OBJC_LITERAL_CONVERSION = YES;
				CLANG_WARN_OBJC_ROOT_CLASS = YES_ERROR;
				CLANG_WARN_QUOTED_INCLUDE_IN_FRAMEWORK_HEADER = YES;
				CLANG_WARN_RANGE_LOOP_ANALYSIS = YES;
				CLANG_WARN_STRICT_PROTOTYPES = YES;
				CLANG_WARN_SUSPICIOUS_MOVE = YES;
				CLANG_WARN_UNGUARDED_AVAILABILITY = YES_AGGRESSIVE;
				CLANG_WARN_UNREACHABLE_CODE = YES;
				CLANG_WARN__DUPLICATE_METHOD_MATCH = YES;
				COPY_PHASE_STRIP = NO;
				DEBUG_INFORMATION_FORMAT = "dwarf-with-dsym";
				ENABLE_NS_ASSERTIONS = NO;
				ENABLE_STRICT_OBJC_MSGSEND = YES;
				GCC_C_LANGUAGE_STANDARD = gnu11;
				GCC_NO_COMMON_BLOCKS = YES;
				GCC_WARN_64_TO_32_BIT_CONVERSION = YES;
				GCC_WARN_ABOUT_RETURN_TYPE = YES_ERROR;
				GCC_WARN_UNDECLARED_SELECTOR = YES;
				GCC_WARN_UNINITIALIZED_AUTOS = YES_AGGRESSIVE;
				GCC_WARN_UNUSED_FUNCTION = YES;
				GCC_WARN_UNUSED_VARIABLE = YES;
				IPHONEOS_DEPLOYMENT_TARGET = 14.0;
				MTL_ENABLE_DEBUG_INFO = NO;
				MTL_FAST_MATH = YES;
				SDKROOT = iphoneos;
				SWIFT_COMPILATION_MODE = wholemodule;
				SWIFT_OPTIMIZATION_LEVEL = "-O";
				VALIDATE_PRODUCT = YES;
			};
			name = Release;
		};
		C30C057B24B122A1005EFAB7 /* Debug */ = {
			isa = XCBuildConfiguration;
			buildSettings = {
				ASSETCATALOG_COMPILER_APPICON_NAME = AppIcon;
				ASSETCATALOG_COMPILER_GLOBAL_ACCENT_COLOR_NAME = AccentColor;
				CODE_SIGN_STYLE = Automatic;
				DEVELOPMENT_TEAM = 79X9YF69H4;
				INFOPLIST_FILE = KineticsI3D/Info.plist;
				LD_RUNPATH_SEARCH_PATHS = (
					"$(inherited)",
					"@executable_path/Frameworks",
				);
				PRODUCT_BUNDLE_IDENTIFIER = com.reikam.KineticsI3D;
				PRODUCT_NAME = "$(TARGET_NAME)";
				SWIFT_VERSION = 5.0;
				TARGETED_DEVICE_FAMILY = "1,2";
			};
			name = Debug;
		};
		C30C057C24B122A1005EFAB7 /* Release */ = {
			isa = XCBuildConfiguration;
			buildSettings = {
				ASSETCATALOG_COMPILER_APPICON_NAME = AppIcon;
				ASSETCATALOG_COMPILER_GLOBAL_ACCENT_COLOR_NAME = AccentColor;
				CODE_SIGN_STYLE = Automatic;
				DEVELOPMENT_TEAM = 79X9YF69H4;
				INFOPLIST_FILE = KineticsI3D/Info.plist;
				LD_RUNPATH_SEARCH_PATHS = (
					"$(inherited)",
					"@executable_path/Frameworks",
				);
				PRODUCT_BUNDLE_IDENTIFIER = com.reikam.KineticsI3D;
				PRODUCT_NAME = "$(TARGET_NAME)";
				SWIFT_VERSION = 5.0;
				TARGETED_DEVICE_FAMILY = "1,2";
			};
			name = Release;
		};
/* End XCBuildConfiguration section */

/* Begin XCConfigurationList section */
		C30C056124B122A0005EFAB7 /* Build configuration list for PBXProject "KineticsI3D" */ = {
			isa = XCConfigurationList;
			buildConfigurations = (
				C30C057824B122A1005EFAB7 /* Debug */,
				C30C057924B122A1005EFAB7 /* Release */,
			);
			defaultConfigurationIsVisible = 0;
			defaultConfigurationName = Release;
		};
		C30C057A24B122A1005EFAB7 /* Build configuration list for PBXNativeTarget "KineticsI3D" */ = {
			isa = XCConfigurationList;
			buildConfigurations = (
				C30C057B24B122A1005EFAB7 /* Debug */,
				C30C057C24B122A1005EFAB7 /* Release */,
			);
			defaultConfigurationIsVisible = 0;
			defaultConfigurationName = Release;
		};
/* End XCConfigurationList section */
	};
	rootObject = C30C055E24B122A0005EFAB7 /* Project object */;
}
